
Microsoft Visual Studio Solution File, Format Version 12.00
# Visual Studio Version 17
VisualStudioVersion = 17.4.33122.133
MinimumVisualStudioVersion = 10.0.40219.1
Project("{9A19103F-16F7-4668-BE54-9A1E7A4F7556}") = "Eshop.RazorPage", "Eshop.RazorPage.csproj", "{FE0D23F9-1F13-406F-BF36-498295FAD1F7}"
EndProject
Global
	GlobalSection(SolutionConfigurationPlatforms) = preSolution
		Debug|Any CPU = Debug|Any CPU
		Release|Any CPU = Release|Any CPU
	EndGlobalSection
	GlobalSection(ProjectConfigurationPlatforms) = postSolution
		{FE0D23F9-1F13-406F-BF36-498295FAD1F7}.Debug|Any CPU.ActiveCfg = Debug|Any CPU
		{FE0D23F9-1F13-406F-BF36-498295FAD1F7}.Debug|Any CPU.Build.0 = Debug|Any CPU
		{FE0D23F9-1F13-406F-BF36-498295FAD1F7}.Release|Any CPU.ActiveCfg = Release|Any CPU
		{FE0D23F9-1F13-406F-BF36-498295FAD1F7}.Release|Any CPU.Build.0 = Release|Any CPU
	EndGlobalSection
	GlobalSection(SolutionProperties) = preSolution
		HideSolutionNode = FALSE
	EndGlobalSection
	GlobalSection(ExtensibilityGlobals) = postSolution
		SolutionGuid = {99E2C7E9-CFEF-4C17-AE85-DE4E7A48F4CD}
	EndGlobalSection
EndGlobal
